// !$*UTF8*$!
{
	archiveVersion = 1;
	classes = {
	};
	objectVersion = 50;
	objects = {

/* Begin PBXBuildFile section */
		2461838D2251FB1E005FBA97 /* AppDelegate.swift in Sources */ = {isa = PBXBuildFile; fileRef = 2461838C2251FB1E005FBA97 /* AppDelegate.swift */; };
		2461838F2251FB1E005FBA97 /* ViewController.swift in Sources */ = {isa = PBXBuildFile; fileRef = 2461838E2251FB1E005FBA97 /* ViewController.swift */; };
		246183922251FB1E005FBA97 /* Main.storyboard in Resources */ = {isa = PBXBuildFile; fileRef = 246183902251FB1E005FBA97 /* Main.storyboard */; };
		246183942251FB20005FBA97 /* Assets.xcassets in Resources */ = {isa = PBXBuildFile; fileRef = 246183932251FB20005FBA97 /* Assets.xcassets */; };
		246183972251FB20005FBA97 /* LaunchScreen.storyboard in Resources */ = {isa = PBXBuildFile; fileRef = 246183952251FB20005FBA97 /* LaunchScreen.storyboard */; };
		2461839F22520F7A005FBA97 /* SettingsViewController.swift in Sources */ = {isa = PBXBuildFile; fileRef = 2461839E22520F7A005FBA97 /* SettingsViewController.swift */; };
		246183A62252126E005FBA97 /* Localizable.strings in Resources */ = {isa = PBXBuildFile; fileRef = 246183A82252126E005FBA97 /* Localizable.strings */; };
		246183AC22521427005FBA97 /* Language.swift in Sources */ = {isa = PBXBuildFile; fileRef = 246183AB22521427005FBA97 /* Language.swift */; };
		246183AE22521488005FBA97 /* Languages.swift in Sources */ = {isa = PBXBuildFile; fileRef = 246183AD22521488005FBA97 /* Languages.swift */; };
		246183B0225219B5005FBA97 /* RKLocalization.swift in Sources */ = {isa = PBXBuildFile; fileRef = 246183AF225219B5005FBA97 /* RKLocalization.swift */; };
/* End PBXBuildFile section */

/* Begin PBXFileReference section */
		246183892251FB1E005FBA97 /* LanguageDemo.app */ = {isa = PBXFileReference; explicitFileType = wrapper.application; includeInIndex = 0; path = LanguageDemo.app; sourceTree = BUILT_PRODUCTS_DIR; };
		2461838C2251FB1E005FBA97 /* AppDelegate.swift */ = {isa = PBXFileReference; lastKnownFileType = sourcecode.swift; path = AppDelegate.swift; sourceTree = "<group>"; };
		2461838E2251FB1E005FBA97 /* ViewController.swift */ = {isa = PBXFileReference; lastKnownFileType = sourcecode.swift; path = ViewController.swift; sourceTree = "<group>"; };
		246183912251FB1E005FBA97 /* Base */ = {isa = PBXFileReference; lastKnownFileType = file.storyboard; name = Base; path = Base.lproj/Main.storyboard; sourceTree = "<group>"; };
		246183932251FB20005FBA97 /* Assets.xcassets */ = {isa = PBXFileReference; lastKnownFileType = folder.assetcatalog; path = Assets.xcassets; sourceTree = "<group>"; };
		246183962251FB20005FBA97 /* Base */ = {isa = PBXFileReference; lastKnownFileType = file.storyboard; name = Base; path = Base.lproj/LaunchScreen.storyboard; sourceTree = "<group>"; };
		246183982251FB20005FBA97 /* Info.plist */ = {isa = PBXFileReference; lastKnownFileType = text.plist.xml; path = Info.plist; sourceTree = "<group>"; };
		2461839E22520F7A005FBA97 /* SettingsViewController.swift */ = {isa = PBXFileReference; lastKnownFileType = sourcecode.swift; path = SettingsViewController.swift; sourceTree = "<group>"; };
		246183A02252119B005FBA97 /* zh-Hans */ = {isa = PBXFileReference; lastKnownFileType = text.plist.strings; name = "zh-Hans"; path = "zh-Hans.lproj/Main.strings"; sourceTree = "<group>"; };
		246183A12252119B005FBA97 /* zh-Hans */ = {isa = PBXFileReference; lastKnownFileType = text.plist.strings; name = "zh-Hans"; path = "zh-Hans.lproj/LaunchScreen.strings"; sourceTree = "<group>"; };
		246183A2225211A6005FBA97 /* fr */ = {isa = PBXFileReference; lastKnownFileType = text.plist.strings; name = fr; path = fr.lproj/Main.strings; sourceTree = "<group>"; };
		246183A3225211A6005FBA97 /* fr */ = {isa = PBXFileReference; lastKnownFileType = text.plist.strings; name = fr; path = fr.lproj/LaunchScreen.strings; sourceTree = "<group>"; };
		246183A72252126E005FBA97 /* en */ = {isa = PBXFileReference; lastKnownFileType = text.plist.strings; name = en; path = en.lproj/Localizable.strings; sourceTree = "<group>"; };
		246183A922521271005FBA97 /* zh-Hans */ = {isa = PBXFileReference; lastKnownFileType = text.plist.strings; name = "zh-Hans"; path = "zh-Hans.lproj/Localizable.strings"; sourceTree = "<group>"; };
		246183AA22521273005FBA97 /* fr */ = {isa = PBXFileReference; lastKnownFileType = text.plist.strings; name = fr; path = fr.lproj/Localizable.strings; sourceTree = "<group>"; };
		246183AB22521427005FBA97 /* Language.swift */ = {isa = PBXFileReference; lastKnownFileType = sourcecode.swift; path = Language.swift; sourceTree = "<group>"; };
		246183AD22521488005FBA97 /* Languages.swift */ = {isa = PBXFileReference; lastKnownFileType = sourcecode.swift; path = Languages.swift; sourceTree = "<group>"; };
		246183AF225219B5005FBA97 /* RKLocalization.swift */ = {isa = PBXFileReference; lastKnownFileType = sourcecode.swift; path = RKLocalization.swift; sourceTree = "<group>"; };
/* End PBXFileReference section */

/* Begin PBXFrameworksBuildPhase section */
		246183862251FB1E005FBA97 /* Frameworks */ = {
			isa = PBXFrameworksBuildPhase;
			buildActionMask = 2147483647;
			files = (
			);
			runOnlyForDeploymentPostprocessing = 0;
		};
/* End PBXFrameworksBuildPhase section */

/* Begin PBXGroup section */
		246183802251FB1E005FBA97 = {
			isa = PBXGroup;
			children = (
				2461838B2251FB1E005FBA97 /* LanguageDemo */,
				2461838A2251FB1E005FBA97 /* Products */,
			);
			sourceTree = "<group>";
		};
		2461838A2251FB1E005FBA97 /* Products */ = {
			isa = PBXGroup;
			children = (
				246183892251FB1E005FBA97 /* LanguageDemo.app */,
			);
			name = Products;
			sourceTree = "<group>";
		};
		2461838B2251FB1E005FBA97 /* LanguageDemo */ = {
			isa = PBXGroup;
			children = (
				2461838C2251FB1E005FBA97 /* AppDelegate.swift */,
				2461838E2251FB1E005FBA97 /* ViewController.swift */,
				246183902251FB1E005FBA97 /* Main.storyboard */,
				2461839E22520F7A005FBA97 /* SettingsViewController.swift */,
				246183AB22521427005FBA97 /* Language.swift */,
				246183AD22521488005FBA97 /* Languages.swift */,
				246183AF225219B5005FBA97 /* RKLocalization.swift */,
				246183932251FB20005FBA97 /* Assets.xcassets */,
				246183952251FB20005FBA97 /* LaunchScreen.storyboard */,
				246183982251FB20005FBA97 /* Info.plist */,
				246183A82252126E005FBA97 /* Localizable.strings */,
			);
			path = LanguageDemo;
			sourceTree = "<group>";
		};
/* End PBXGroup section */

/* Begin PBXNativeTarget section */
		246183882251FB1E005FBA97 /* LanguageDemo */ = {
			isa = PBXNativeTarget;
			buildConfigurationList = 2461839B2251FB20005FBA97 /* Build configuration list for PBXNativeTarget "LanguageDemo" */;
			buildPhases = (
				246183852251FB1E005FBA97 /* Sources */,
				246183862251FB1E005FBA97 /* Frameworks */,
				246183872251FB1E005FBA97 /* Resources */,
			);
			buildRules = (
			);
			dependencies = (
			);
			name = LanguageDemo;
			productName = LanguageDemo;
			productReference = 246183892251FB1E005FBA97 /* LanguageDemo.app */;
			productType = "com.apple.product-type.application";
		};
/* End PBXNativeTarget section */

/* Begin PBXProject section */
		246183812251FB1E005FBA97 /* Project object */ = {
			isa = PBXProject;
			attributes = {
				LastSwiftUpdateCheck = 1010;
				LastUpgradeCheck = 1010;
				ORGANIZATIONNAME = "Rakesh Kumar";
				TargetAttributes = {
					246183882251FB1E005FBA97 = {
						CreatedOnToolsVersion = 10.1;
					};
				};
			};
			buildConfigurationList = 246183842251FB1E005FBA97 /* Build configuration list for PBXProject "LanguageDemo" */;
			compatibilityVersion = "Xcode 9.3";
			developmentRegion = en;
			hasScannedForEncodings = 0;
			knownRegions = (
				en,
				Base,
				"zh-Hans",
				fr,
			);
			mainGroup = 246183802251FB1E005FBA97;
			productRefGroup = 2461838A2251FB1E005FBA97 /* Products */;
			projectDirPath = "";
			projectRoot = "";
			targets = (
				246183882251FB1E005FBA97 /* LanguageDemo */,
			);
		};
/* End PBXProject section */

/* Begin PBXResourcesBuildPhase section */
		246183872251FB1E005FBA97 /* Resources */ = {
			isa = PBXResourcesBuildPhase;
			buildActionMask = 2147483647;
			files = (
				246183972251FB20005FBA97 /* LaunchScreen.storyboard in Resources */,
				246183A62252126E005FBA97 /* Localizable.strings in Resources */,
				246183942251FB20005FBA97 /* Assets.xcassets in Resources */,
				246183922251FB1E005FBA97 /* Main.storyboard in Resources */,
			);
			runOnlyForDeploymentPostprocessing = 0;
		};
/* End PBXResourcesBuildPhase section */

/* Begin PBXSourcesBuildPhase section */
		246183852251FB1E005FBA97 /* Sources */ = {
			isa = PBXSourcesBuildPhase;
			buildActionMask = 2147483647;
			files = (
				2461838F2251FB1E005FBA97 /* ViewController.swift in Sources */,
				246183B0225219B5005FBA97 /* RKLocalization.swift in Sources */,
				246183AC22521427005FBA97 /* Language.swift in Sources */,
				2461838D2251FB1E005FBA97 /* AppDelegate.swift in Sources */,
				2461839F22520F7A005FBA97 /* SettingsViewController.swift in Sources */,
				246183AE22521488005FBA97 /* Languages.swift in Sources */,
			);
			runOnlyForDeploymentPostprocessing = 0;
		};
/* End PBXSourcesBuildPhase section */

/* Begin PBXVariantGroup section */
		246183902251FB1E005FBA97 /* Main.storyboard */ = {
			isa = PBXVariantGroup;
			children = (
				246183912251FB1E005FBA97 /* Base */,
				246183A02252119B005FBA97 /* zh-Hans */,
				246183A2225211A6005FBA97 /* fr */,
			);
			name = Main.storyboard;
			sourceTree = "<group>";
		};
		246183952251FB20005FBA97 /* LaunchScreen.storyboard */ = {
			isa = PBXVariantGroup;
			children = (
				246183962251FB20005FBA97 /* Base */,
				246183A12252119B005FBA97 /* zh-Hans */,
				246183A3225211A6005FBA97 /* fr */,
			);
			name = LaunchScreen.storyboard;
			sourceTree = "<group>";
		};
		246183A82252126E005FBA97 /* Localizable.strings */ = {
			isa = PBXVariantGroup;
			children = (
				246183A72252126E005FBA97 /* en */,
				246183A922521271005FBA97 /* zh-Hans */,
				246183AA22521273005FBA97 /* fr */,
			);
			name = Localizable.strings;
			sourceTree = "<group>";
		};
/* End PBXVariantGroup section */

/* Begin XCBuildConfiguration section */
		246183992251FB20005FBA97 /* Debug */ = {
			isa = XCBuildConfiguration;
			buildSettings = {
				ALWAYS_SEARCH_USER_PATHS = NO;
				CLANG_ANALYZER_LOCALIZABILITY_NONLOCALIZED = YES;
				CLANG_ANALYZER_NONNULL = YES;
				CLANG_ANALYZER_NUMBER_OBJECT_CONVERSION = YES_AGGRESSIVE;
				CLANG_CXX_LANGUAGE_STANDARD = "gnu++14";
				CLANG_CXX_LIBRARY = "libc++";
				CLANG_ENABLE_MODULES = YES;
				CLANG_ENABLE_OBJC_ARC = YES;
				CLANG_ENABLE_OBJC_WEAK = YES;
				CLANG_WARN_BLOCK_CAPTURE_AUTORELEASING = YES;
				CLANG_WARN_BOOL_CONVERSION = YES;
				CLANG_WARN_COMMA = YES;
				CLANG_WARN_CONSTANT_CONVERSION = YES;
				CLANG_WARN_DEPRECATED_OBJC_IMPLEMENTATIONS = YES;
				CLANG_WARN_DIRECT_OBJC_ISA_USAGE = YES_ERROR;
				CLANG_WARN_DOCUMENTATION_COMMENTS = YES;
				CLANG_WARN_EMPTY_BODY = YES;
				CLANG_WARN_ENUM_CONVERSION = YES;
				CLANG_WARN_INFINITE_RECURSION = YES;
				CLANG_WARN_INT_CONVERSION = YES;
				CLANG_WARN_NON_LITERAL_NULL_CONVERSION = YES;
				CLANG_WARN_OBJC_IMPLICIT_RETAIN_SELF = YES;
				CLANG_WARN_OBJC_LITERAL_CONVERSION = YES;
				CLANG_WARN_OBJC_ROOT_CLASS = YES_ERROR;
				CLANG_WARN_RANGE_LOOP_ANALYSIS = YES;
				CLANG_WARN_STRICT_PROTOTYPES = YES;
				CLANG_WARN_SUSPICIOUS_MOVE = YES;
				CLANG_WARN_UNGUARDED_AVAILABILITY = YES_AGGRESSIVE;
				CLANG_WARN_UNREACHABLE_CODE = YES;
				CLANG_WARN__DUPLICATE_METHOD_MATCH = YES;
				CODE_SIGN_IDENTITY = "iPhone Developer";
				COPY_PHASE_STRIP = NO;
				DEBUG_INFORMATION_FORMAT = dwarf;
				ENABLE_STRICT_OBJC_MSGSEND = YES;
				ENABLE_TESTABILITY = YES;
				GCC_C_LANGUAGE_STANDARD = gnu11;
				GCC_DYNAMIC_NO_PIC = NO;
				GCC_NO_COMMON_BLOCKS = YES;
				GCC_OPTIMIZATION_LEVEL = 0;
				GCC_PREPROCESSOR_DEFINITIONS = (
					"DEBUG=1",
					"$(inherited)",
				);
				GCC_WARN_64_TO_32_BIT_CONVERSION = YES;
				GCC_WARN_ABOUT_RETURN_TYPE = YES_ERROR;
				GCC_WARN_UNDECLARED_SELECTOR = YES;
				GCC_WARN_UNINITIALIZED_AUTOS = YES_AGGRESSIVE;
				GCC_WARN_UNUSED_FUNCTION = YES;
				GCC_WARN_UNUSED_VARIABLE = YES;
				IPHONEOS_DEPLOYMENT_TARGET = 12.1;
				MTL_ENABLE_DEBUG_INFO = INCLUDE_SOURCE;
				MTL_FAST_MATH = YES;
				ONLY_ACTIVE_ARCH = YES;
				SDKROOT = iphoneos;
				SWIFT_ACTIVE_COMPILATION_CONDITIONS = DEBUG;
				SWIFT_OPTIMIZATION_LEVEL = "-Onone";
			};
			name = Debug;
		};
		2461839A2251FB20005FBA97 /* Release */ = {
			isa = XCBuildConfiguration;
			buildSettings = {
				ALWAYS_SEARCH_USER_PATHS = NO;
				CLANG_ANALYZER_LOCALIZABILITY_NONLOCALIZED = YES;
				CLANG_ANALYZER_NONNULL = YES;
				CLANG_ANALYZER_NUMBER_OBJECT_CONVERSION = YES_AGGRESSIVE;
				CLANG_CXX_LANGUAGE_STANDARD = "gnu++14";
				CLANG_CXX_LIBRARY = "libc++";
				CLANG_ENABLE_MODULES = YES;
				CLANG_ENABLE_OBJC_ARC = YES;
				CLANG_ENABLE_OBJC_WEAK = YES;
				CLANG_WARN_BLOCK_CAPTURE_AUTORELEASING = YES;
				CLANG_WARN_BOOL_CONVERSION = YES;
				CLANG_WARN_COMMA = YES;
				CLANG_WARN_CONSTANT_CONVERSION = YES;
				CLANG_WARN_DEPRECATED_OBJC_IMPLEMENTATIONS = YES;
				CLANG_WARN_DIRECT_OBJC_ISA_USAGE = YES_ERROR;
				CLANG_WARN_DOCUMENTATION_COMMENTS = YES;
				CLANG_WARN_EMPTY_BODY = YES;
				CLANG_WARN_ENUM_CONVERSION = YES;
				CLANG_WARN_INFINITE_RECURSION = YES;
				CLANG_WARN_INT_CONVERSION = YES;
				CLANG_WARN_NON_LITERAL_NULL_CONVERSION = YES;
				CLANG_WARN_OBJC_IMPLICIT_RETAIN_SELF = YES;
				CLANG_WARN_OBJC_LITERAL_CONVERSION = YES;
				CLANG_WARN_OBJC_ROOT_CLASS = YES_ERROR;
				CLANG_WARN_RANGE_LOOP_ANALYSIS = YES;
				CLANG_WARN_STRICT_PROTOTYPES = YES;
				CLANG_WARN_SUSPICIOUS_MOVE = YES;
				CLANG_WARN_UNGUARDED_AVAILABILITY = YES_AGGRESSIVE;
				CLANG_WARN_UNREACHABLE_CODE = YES;
				CLANG_WARN__DUPLICATE_METHOD_MATCH = YES;
				CODE_SIGN_IDENTITY = "iPhone Developer";
				COPY_PHASE_STRIP = NO;
				DEBUG_INFORMATION_FORMAT = "dwarf-with-dsym";
				ENABLE_NS_ASSERTIONS = NO;
				ENABLE_STRICT_OBJC_MSGSEND = YES;
				GCC_C_LANGUAGE_STANDARD = gnu11;
				GCC_NO_COMMON_BLOCKS = YES;
				GCC_WARN_64_TO_32_BIT_CONVERSION = YES;
				GCC_WARN_ABOUT_RETURN_TYPE = YES_ERROR;
				GCC_WARN_UNDECLARED_SELECTOR = YES;
				GCC_WARN_UNINITIALIZED_AUTOS = YES_AGGRESSIVE;
				GCC_WARN_UNUSED_FUNCTION = YES;
				GCC_WARN_UNUSED_VARIABLE = YES;
				IPHONEOS_DEPLOYMENT_TARGET = 12.1;
				MTL_ENABLE_DEBUG_INFO = NO;
				MTL_FAST_MATH = YES;
				SDKROOT = iphoneos;
				SWIFT_COMPILATION_MODE = wholemodule;
				SWIFT_OPTIMIZATION_LEVEL = "-O";
				VALIDATE_PRODUCT = YES;
			};
			name = Release;
		};
		2461839C2251FB20005FBA97 /* Debug */ = {
			isa = XCBuildConfiguration;
			buildSettings = {
				ASSETCATALOG_COMPILER_APPICON_NAME = AppIcon;
				CODE_SIGN_STYLE = Manual;
				DEVELOPMENT_TEAM = "";
				INFOPLIST_FILE = LanguageDemo/Info.plist;
				LD_RUNPATH_SEARCH_PATHS = (
					"$(inherited)",
					"@executable_path/Frameworks",
				);
				PRODUCT_BUNDLE_IDENTIFIER = "Rakesh-Kumar.LanguageDemo";
				PRODUCT_NAME = "$(TARGET_NAME)";
				PROVISIONING_PROFILE_SPECIFIER = "";
				SWIFT_VERSION = 4.2;
				TARGETED_DEVICE_FAMILY = "1,2";
			};
			name = Debug;
		};
		2461839D2251FB20005FBA97 /* Release */ = {
			isa = XCBuildConfiguration;
			buildSettings = {
				ASSETCATALOG_COMPILER_APPICON_NAME = AppIcon;
				CODE_SIGN_STYLE = Manual;
				DEVELOPMENT_TEAM = "";
				INFOPLIST_FILE = LanguageDemo/Info.plist;
				LD_RUNPATH_SEARCH_PATHS = (
					"$(inherited)",
					"@executable_path/Frameworks",
				);
				PRODUCT_BUNDLE_IDENTIFIER = "Rakesh-Kumar.LanguageDemo";
				PRODUCT_NAME = "$(TARGET_NAME)";
				PROVISIONING_PROFILE_SPECIFIER = "";
				SWIFT_VERSION = 4.2;
				TARGETED_DEVICE_FAMILY = "1,2";
			};
			name = Release;
		};
/* End XCBuildConfiguration section */

/* Begin XCConfigurationList section */
		246183842251FB1E005FBA97 /* Build configuration list for PBXProject "LanguageDemo" */ = {
			isa = XCConfigurationList;
			buildConfigurations = (
				246183992251FB20005FBA97 /* Debug */,
				2461839A2251FB20005FBA97 /* Release */,
			);
			defaultConfigurationIsVisible = 0;
			defaultConfigurationName = Release;
		};
		2461839B2251FB20005FBA97 /* Build configuration list for PBXNativeTarget "LanguageDemo" */ = {
			isa = XCConfigurationList;
			buildConfigurations = (
				2461839C2251FB20005FBA97 /* Debug */,
				2461839D2251FB20005FBA97 /* Release */,
			);
			defaultConfigurationIsVisible = 0;
			defaultConfigurationName = Release;
		};
/* End XCConfigurationList section */
	};
	rootObject = 246183812251FB1E005FBA97 /* Project object */;
}
